// !$*UTF8*$!
{
	archiveVersion = 1;
	classes = {
	};
	objectVersion = 46;
	objects = {

/* Begin PBXBuildFile section */
		4F0768AF18944FDD00A84A26 /* Foundation.framework in Frameworks */ = {isa = PBXBuildFile; fileRef = 4F0768AE18944FDD00A84A26 /* Foundation.framework */; };
		4F0768B118944FDD00A84A26 /* CoreGraphics.framework in Frameworks */ = {isa = PBXBuildFile; fileRef = 4F0768B018944FDD00A84A26 /* CoreGraphics.framework */; };
		4F0768B318944FDD00A84A26 /* UIKit.framework in Frameworks */ = {isa = PBXBuildFile; fileRef = 4F0768B218944FDD00A84A26 /* UIKit.framework */; };
		4F0768B918944FDD00A84A26 /* InfoPlist.strings in Resources */ = {isa = PBXBuildFile; fileRef = 4F0768B718944FDD00A84A26 /* InfoPlist.strings */; };
		4F0768BB18944FDD00A84A26 /* main.m in Sources */ = {isa = PBXBuildFile; fileRef = 4F0768BA18944FDD00A84A26 /* main.m */; };
		4F0768BF18944FDD00A84A26 /* AppDelegate.m in Sources */ = {isa = PBXBuildFile; fileRef = 4F0768BE18944FDD00A84A26 /* AppDelegate.m */; };
		4F0768C218944FDD00A84A26 /* Main.storyboard in Resources */ = {isa = PBXBuildFile; fileRef = 4F0768C018944FDD00A84A26 /* Main.storyboard */; };
		4F0768CA18944FDD00A84A26 /* Images.xcassets in Resources */ = {isa = PBXBuildFile; fileRef = 4F0768C918944FDD00A84A26 /* Images.xcassets */; };
		4F0768D118944FDD00A84A26 /* XCTest.framework in Frameworks */ = {isa = PBXBuildFile; fileRef = 4F0768D018944FDD00A84A26 /* XCTest.framework */; };
		4F0768D218944FDD00A84A26 /* Foundation.framework in Frameworks */ = {isa = PBXBuildFile; fileRef = 4F0768AE18944FDD00A84A26 /* Foundation.framework */; };
		4F0768D318944FDD00A84A26 /* UIKit.framework in Frameworks */ = {isa = PBXBuildFile; fileRef = 4F0768B218944FDD00A84A26 /* UIKit.framework */; };
		4F0768DB18944FDD00A84A26 /* InfoPlist.strings in Resources */ = {isa = PBXBuildFile; fileRef = 4F0768D918944FDD00A84A26 /* InfoPlist.strings */; };
		4F0768DD18944FDD00A84A26 /* blackjackTests.m in Sources */ = {isa = PBXBuildFile; fileRef = 4F0768DC18944FDD00A84A26 /* blackjackTests.m */; };
		4F3686121894531600B02264 /* BlackJackTableViewController.m in Sources */ = {isa = PBXBuildFile; fileRef = 4F3686111894531600B02264 /* BlackJackTableViewController.m */; };
		4F3686151894532100B02264 /* SettingsViewController.m in Sources */ = {isa = PBXBuildFile; fileRef = 4F3686141894532100B02264 /* SettingsViewController.m */; };
		4F3686181894532900B02264 /* AboutViewController.m in Sources */ = {isa = PBXBuildFile; fileRef = 4F3686171894532900B02264 /* AboutViewController.m */; };
		4F36861B1894547200B02264 /* BaseViewController.m in Sources */ = {isa = PBXBuildFile; fileRef = 4F36861A1894547200B02264 /* BaseViewController.m */; };
		4F36861E1894558800B02264 /* CardCollectionViewController.m in Sources */ = {isa = PBXBuildFile; fileRef = 4F36861D1894558800B02264 /* CardCollectionViewController.m */; };
		4F36862118945CAE00B02264 /* SettingsStoryboard.storyboard in Resources */ = {isa = PBXBuildFile; fileRef = 4F36862018945CAE00B02264 /* SettingsStoryboard.storyboard */; };
		4F36862318945CB800B02264 /* AboutStoryboard.storyboard in Resources */ = {isa = PBXBuildFile; fileRef = 4F36862218945CB800B02264 /* AboutStoryboard.storyboard */; };
		4F3686281894605400B02264 /* Card.m in Sources */ = {isa = PBXBuildFile; fileRef = 4F3686271894605400B02264 /* Card.m */; };
		4F36862B1894619300B02264 /* Hand.m in Sources */ = {isa = PBXBuildFile; fileRef = 4F36862A1894619300B02264 /* Hand.m */; };
		4F36862E189461DC00B02264 /* Deck.m in Sources */ = {isa = PBXBuildFile; fileRef = 4F36862D189461DC00B02264 /* Deck.m */; };
		4F36863218946CAD00B02264 /* CardCollectionViewCell.m in Sources */ = {isa = PBXBuildFile; fileRef = 4F36863118946CAD00B02264 /* CardCollectionViewCell.m */; };
		4F36863418946D0000B02264 /* CardCollectionViewCell.xib in Resources */ = {isa = PBXBuildFile; fileRef = 4F36863318946D0000B02264 /* CardCollectionViewCell.xib */; };
/* End PBXBuildFile section */

/* Begin PBXContainerItemProxy section */
		4F0768D418944FDD00A84A26 /* PBXContainerItemProxy */ = {
			isa = PBXContainerItemProxy;
			containerPortal = 4F0768A318944FDD00A84A26 /* Project object */;
			proxyType = 1;
			remoteGlobalIDString = 4F0768AA18944FDD00A84A26;
			remoteInfo = blackjack;
		};
/* End PBXContainerItemProxy section */

/* Begin PBXFileReference section */
		4F0768AB18944FDD00A84A26 /* blackjack.app */ = {isa = PBXFileReference; explicitFileType = wrapper.application; includeInIndex = 0; path = blackjack.app; sourceTree = BUILT_PRODUCTS_DIR; };
		4F0768AE18944FDD00A84A26 /* Foundation.framework */ = {isa = PBXFileReference; lastKnownFileType = wrapper.framework; name = Foundation.framework; path = System/Library/Frameworks/Foundation.framework; sourceTree = SDKROOT; };
		4F0768B018944FDD00A84A26 /* CoreGraphics.framework */ = {isa = PBXFileReference; lastKnownFileType = wrapper.framework; name = CoreGraphics.framework; path = System/Library/Frameworks/CoreGraphics.framework; sourceTree = SDKROOT; };
		4F0768B218944FDD00A84A26 /* UIKit.framework */ = {isa = PBXFileReference; lastKnownFileType = wrapper.framework; name = UIKit.framework; path = System/Library/Frameworks/UIKit.framework; sourceTree = SDKROOT; };
		4F0768B618944FDD00A84A26 /* blackjack-Info.plist */ = {isa = PBXFileReference; lastKnownFileType = text.plist.xml; path = "blackjack-Info.plist"; sourceTree = "<group>"; };
		4F0768B818944FDD00A84A26 /* en */ = {isa = PBXFileReference; lastKnownFileType = text.plist.strings; name = en; path = en.lproj/InfoPlist.strings; sourceTree = "<group>"; };
		4F0768BA18944FDD00A84A26 /* main.m */ = {isa = PBXFileReference; lastKnownFileType = sourcecode.c.objc; path = main.m; sourceTree = "<group>"; };
		4F0768BC18944FDD00A84A26 /* blackjack-Prefix.pch */ = {isa = PBXFileReference; lastKnownFileType = sourcecode.c.h; path = "blackjack-Prefix.pch"; sourceTree = "<group>"; };
		4F0768BD18944FDD00A84A26 /* AppDelegate.h */ = {isa = PBXFileReference; lastKnownFileType = sourcecode.c.h; path = AppDelegate.h; sourceTree = "<group>"; };
		4F0768BE18944FDD00A84A26 /* AppDelegate.m */ = {isa = PBXFileReference; lastKnownFileType = sourcecode.c.objc; path = AppDelegate.m; sourceTree = "<group>"; };
		4F0768C118944FDD00A84A26 /* Base */ = {isa = PBXFileReference; lastKnownFileType = file.storyboard; name = Base; path = Base.lproj/Main.storyboard; sourceTree = "<group>"; };
		4F0768C918944FDD00A84A26 /* Images.xcassets */ = {isa = PBXFileReference; lastKnownFileType = folder.assetcatalog; path = Images.xcassets; sourceTree = "<group>"; };
		4F0768CF18944FDD00A84A26 /* blackjackTests.xctest */ = {isa = PBXFileReference; explicitFileType = wrapper.cfbundle; includeInIndex = 0; path = blackjackTests.xctest; sourceTree = BUILT_PRODUCTS_DIR; };
		4F0768D018944FDD00A84A26 /* XCTest.framework */ = {isa = PBXFileReference; lastKnownFileType = wrapper.framework; name = XCTest.framework; path = Library/Frameworks/XCTest.framework; sourceTree = DEVELOPER_DIR; };
		4F0768D818944FDD00A84A26 /* blackjackTests-Info.plist */ = {isa = PBXFileReference; lastKnownFileType = text.plist.xml; path = "blackjackTests-Info.plist"; sourceTree = "<group>"; };
		4F0768DA18944FDD00A84A26 /* en */ = {isa = PBXFileReference; lastKnownFileType = text.plist.strings; name = en; path = en.lproj/InfoPlist.strings; sourceTree = "<group>"; };
		4F0768DC18944FDD00A84A26 /* blackjackTests.m */ = {isa = PBXFileReference; lastKnownFileType = sourcecode.c.objc; path = blackjackTests.m; sourceTree = "<group>"; };
		4F3686101894531600B02264 /* BlackJackTableViewController.h */ = {isa = PBXFileReference; fileEncoding = 4; lastKnownFileType = sourcecode.c.h; path = BlackJackTableViewController.h; sourceTree = "<group>"; };
		4F3686111894531600B02264 /* BlackJackTableViewController.m */ = {isa = PBXFileReference; fileEncoding = 4; lastKnownFileType = sourcecode.c.objc; path = BlackJackTableViewController.m; sourceTree = "<group>"; };
		4F3686131894532100B02264 /* SettingsViewController.h */ = {isa = PBXFileReference; fileEncoding = 4; lastKnownFileType = sourcecode.c.h; path = SettingsViewController.h; sourceTree = "<group>"; };
		4F3686141894532100B02264 /* SettingsViewController.m */ = {isa = PBXFileReference; fileEncoding = 4; lastKnownFileType = sourcecode.c.objc; path = SettingsViewController.m; sourceTree = "<group>"; };
		4F3686161894532900B02264 /* AboutViewController.h */ = {isa = PBXFileReference; fileEncoding = 4; lastKnownFileType = sourcecode.c.h; path = AboutViewController.h; sourceTree = "<group>"; };
		4F3686171894532900B02264 /* AboutViewController.m */ = {isa = PBXFileReference; fileEncoding = 4; lastKnownFileType = sourcecode.c.objc; path = AboutViewController.m; sourceTree = "<group>"; };
		4F3686191894547200B02264 /* BaseViewController.h */ = {isa = PBXFileReference; fileEncoding = 4; lastKnownFileType = sourcecode.c.h; path = BaseViewController.h; sourceTree = "<group>"; };
		4F36861A1894547200B02264 /* BaseViewController.m */ = {isa = PBXFileReference; fileEncoding = 4; lastKnownFileType = sourcecode.c.objc; path = BaseViewController.m; sourceTree = "<group>"; };
		4F36861C1894558800B02264 /* CardCollectionViewController.h */ = {isa = PBXFileReference; fileEncoding = 4; lastKnownFileType = sourcecode.c.h; path = CardCollectionViewController.h; sourceTree = "<group>"; };
		4F36861D1894558800B02264 /* CardCollectionViewController.m */ = {isa = PBXFileReference; fileEncoding = 4; lastKnownFileType = sourcecode.c.objc; path = CardCollectionViewController.m; sourceTree = "<group>"; };
		4F36862018945CAE00B02264 /* SettingsStoryboard.storyboard */ = {isa = PBXFileReference; fileEncoding = 4; lastKnownFileType = file.storyboard; path = SettingsStoryboard.storyboard; sourceTree = "<group>"; };
		4F36862218945CB800B02264 /* AboutStoryboard.storyboard */ = {isa = PBXFileReference; fileEncoding = 4; lastKnownFileType = file.storyboard; path = AboutStoryboard.storyboard; sourceTree = "<group>"; };
		4F3686261894605400B02264 /* Card.h */ = {isa = PBXFileReference; fileEncoding = 4; lastKnownFileType = sourcecode.c.h; path = Card.h; sourceTree = "<group>"; };
		4F3686271894605400B02264 /* Card.m */ = {isa = PBXFileReference; fileEncoding = 4; lastKnownFileType = sourcecode.c.objc; path = Card.m; sourceTree = "<group>"; };
		4F3686291894619300B02264 /* Hand.h */ = {isa = PBXFileReference; fileEncoding = 4; lastKnownFileType = sourcecode.c.h; path = Hand.h; sourceTree = "<group>"; };
		4F36862A1894619300B02264 /* Hand.m */ = {isa = PBXFileReference; fileEncoding = 4; lastKnownFileType = sourcecode.c.objc; path = Hand.m; sourceTree = "<group>"; };
		4F36862C189461DC00B02264 /* Deck.h */ = {isa = PBXFileReference; fileEncoding = 4; lastKnownFileType = sourcecode.c.h; path = Deck.h; sourceTree = "<group>"; };
		4F36862D189461DC00B02264 /* Deck.m */ = {isa = PBXFileReference; fileEncoding = 4; lastKnownFileType = sourcecode.c.objc; path = Deck.m; sourceTree = "<group>"; };
		4F36863018946CAD00B02264 /* CardCollectionViewCell.h */ = {isa = PBXFileReference; fileEncoding = 4; lastKnownFileType = sourcecode.c.h; path = CardCollectionViewCell.h; sourceTree = "<group>"; };
		4F36863118946CAD00B02264 /* CardCollectionViewCell.m */ = {isa = PBXFileReference; fileEncoding = 4; lastKnownFileType = sourcecode.c.objc; path = CardCollectionViewCell.m; sourceTree = "<group>"; };
		4F36863318946D0000B02264 /* CardCollectionViewCell.xib */ = {isa = PBXFileReference; fileEncoding = 4; lastKnownFileType = file.xib; path = CardCollectionViewCell.xib; sourceTree = "<group>"; };
/* End PBXFileReference section */

/* Begin PBXFrameworksBuildPhase section */
		4F0768A818944FDD00A84A26 /* Frameworks */ = {
			isa = PBXFrameworksBuildPhase;
			buildActionMask = 2147483647;
			files = (
				4F0768B118944FDD00A84A26 /* CoreGraphics.framework in Frameworks */,
				4F0768B318944FDD00A84A26 /* UIKit.framework in Frameworks */,
				4F0768AF18944FDD00A84A26 /* Foundation.framework in Frameworks */,
			);
			runOnlyForDeploymentPostprocessing = 0;
		};
		4F0768CC18944FDD00A84A26 /* Frameworks */ = {
			isa = PBXFrameworksBuildPhase;
			buildActionMask = 2147483647;
			files = (
				4F0768D118944FDD00A84A26 /* XCTest.framework in Frameworks */,
				4F0768D318944FDD00A84A26 /* UIKit.framework in Frameworks */,
				4F0768D218944FDD00A84A26 /* Foundation.framework in Frameworks */,
			);
			runOnlyForDeploymentPostprocessing = 0;
		};
/* End PBXFrameworksBuildPhase section */

/* Begin PBXGroup section */
		4F0768A218944FDD00A84A26 = {
			isa = PBXGroup;
			children = (
				4F0768B418944FDD00A84A26 /* blackjack */,
				4F0768D618944FDD00A84A26 /* blackjackTests */,
				4F0768AD18944FDD00A84A26 /* Frameworks */,
				4F0768AC18944FDD00A84A26 /* Products */,
			);
			sourceTree = "<group>";
		};
		4F0768AC18944FDD00A84A26 /* Products */ = {
			isa = PBXGroup;
			children = (
				4F0768AB18944FDD00A84A26 /* blackjack.app */,
				4F0768CF18944FDD00A84A26 /* blackjackTests.xctest */,
			);
			name = Products;
			sourceTree = "<group>";
		};
		4F0768AD18944FDD00A84A26 /* Frameworks */ = {
			isa = PBXGroup;
			children = (
				4F0768AE18944FDD00A84A26 /* Foundation.framework */,
				4F0768B018944FDD00A84A26 /* CoreGraphics.framework */,
				4F0768B218944FDD00A84A26 /* UIKit.framework */,
				4F0768D018944FDD00A84A26 /* XCTest.framework */,
			);
			name = Frameworks;
			sourceTree = "<group>";
		};
		4F0768B418944FDD00A84A26 /* blackjack */ = {
			isa = PBXGroup;
			children = (
				4F36861F1894558D00B02264 /* Resource */,
				4F36860F1894519C00B02264 /* Utility */,
				4F36860E1894519500B02264 /* Manager */,
				4F36860D1894519000B02264 /* Model */,
				4F36860C1894518500B02264 /* ViewController */,
				4F36862F18946C9D00B02264 /* View */,
				4F0768BD18944FDD00A84A26 /* AppDelegate.h */,
				4F0768BE18944FDD00A84A26 /* AppDelegate.m */,
				4F0768C918944FDD00A84A26 /* Images.xcassets */,
				4F0768B518944FDD00A84A26 /* Supporting Files */,
			);
			path = blackjack;
			sourceTree = "<group>";
		};
		4F0768B518944FDD00A84A26 /* Supporting Files */ = {
			isa = PBXGroup;
			children = (
				4F0768B618944FDD00A84A26 /* blackjack-Info.plist */,
				4F0768B718944FDD00A84A26 /* InfoPlist.strings */,
				4F0768BA18944FDD00A84A26 /* main.m */,
				4F0768BC18944FDD00A84A26 /* blackjack-Prefix.pch */,
			);
			name = "Supporting Files";
			sourceTree = "<group>";
		};
		4F0768D618944FDD00A84A26 /* blackjackTests */ = {
			isa = PBXGroup;
			children = (
				4F0768DC18944FDD00A84A26 /* blackjackTests.m */,
				4F0768D718944FDD00A84A26 /* Supporting Files */,
			);
			path = blackjackTests;
			sourceTree = "<group>";
		};
		4F0768D718944FDD00A84A26 /* Supporting Files */ = {
			isa = PBXGroup;
			children = (
				4F0768D818944FDD00A84A26 /* blackjackTests-Info.plist */,
				4F0768D918944FDD00A84A26 /* InfoPlist.strings */,
			);
			name = "Supporting Files";
			sourceTree = "<group>";
		};
		4F36860C1894518500B02264 /* ViewController */ = {
			isa = PBXGroup;
			children = (
				4F3686101894531600B02264 /* BlackJackTableViewController.h */,
				4F3686111894531600B02264 /* BlackJackTableViewController.m */,
				4F3686131894532100B02264 /* SettingsViewController.h */,
				4F3686141894532100B02264 /* SettingsViewController.m */,
				4F3686161894532900B02264 /* AboutViewController.h */,
				4F3686171894532900B02264 /* AboutViewController.m */,
				4F3686191894547200B02264 /* BaseViewController.h */,
				4F36861A1894547200B02264 /* BaseViewController.m */,
				4F36861C1894558800B02264 /* CardCollectionViewController.h */,
				4F36861D1894558800B02264 /* CardCollectionViewController.m */,
			);
			name = ViewController;
			sourceTree = "<group>";
		};
		4F36860D1894519000B02264 /* Model */ = {
			isa = PBXGroup;
			children = (
				4F3686261894605400B02264 /* Card.h */,
				4F3686271894605400B02264 /* Card.m */,
				4F3686291894619300B02264 /* Hand.h */,
				4F36862A1894619300B02264 /* Hand.m */,
				4F36862C189461DC00B02264 /* Deck.h */,
				4F36862D189461DC00B02264 /* Deck.m */,
			);
			name = Model;
			sourceTree = "<group>";
		};
		4F36860E1894519500B02264 /* Manager */ = {
			isa = PBXGroup;
			children = (
			);
			name = Manager;
			sourceTree = "<group>";
		};
		4F36860F1894519C00B02264 /* Utility */ = {
			isa = PBXGroup;
			children = (
			);
			name = Utility;
			sourceTree = "<group>";
		};
		4F36861F1894558D00B02264 /* Resource */ = {
			isa = PBXGroup;
			children = (
				4F0768C018944FDD00A84A26 /* Main.storyboard */,
				4F36862018945CAE00B02264 /* SettingsStoryboard.storyboard */,
				4F36862218945CB800B02264 /* AboutStoryboard.storyboard */,
				4F36863318946D0000B02264 /* CardCollectionViewCell.xib */,
			);
			name = Resource;
			sourceTree = "<group>";
		};
		4F36862F18946C9D00B02264 /* View */ = {
			isa = PBXGroup;
			children = (
				4F36863018946CAD00B02264 /* CardCollectionViewCell.h */,
				4F36863118946CAD00B02264 /* CardCollectionViewCell.m */,
			);
			name = View;
			sourceTree = "<group>";
		};
/* End PBXGroup section */

/* Begin PBXNativeTarget section */
		4F0768AA18944FDD00A84A26 /* blackjack */ = {
			isa = PBXNativeTarget;
			buildConfigurationList = 4F0768E018944FDD00A84A26 /* Build configuration list for PBXNativeTarget "blackjack" */;
			buildPhases = (
				4F0768A718944FDD00A84A26 /* Sources */,
				4F0768A818944FDD00A84A26 /* Frameworks */,
				4F0768A918944FDD00A84A26 /* Resources */,
			);
			buildRules = (
			);
			dependencies = (
			);
			name = blackjack;
			productName = blackjack;
			productReference = 4F0768AB18944FDD00A84A26 /* blackjack.app */;
			productType = "com.apple.product-type.application";
		};
		4F0768CE18944FDD00A84A26 /* blackjackTests */ = {
			isa = PBXNativeTarget;
			buildConfigurationList = 4F0768E318944FDD00A84A26 /* Build configuration list for PBXNativeTarget "blackjackTests" */;
			buildPhases = (
				4F0768CB18944FDD00A84A26 /* Sources */,
				4F0768CC18944FDD00A84A26 /* Frameworks */,
				4F0768CD18944FDD00A84A26 /* Resources */,
			);
			buildRules = (
			);
			dependencies = (
				4F0768D518944FDD00A84A26 /* PBXTargetDependency */,
			);
			name = blackjackTests;
			productName = blackjackTests;
			productReference = 4F0768CF18944FDD00A84A26 /* blackjackTests.xctest */;
			productType = "com.apple.product-type.bundle.unit-test";
		};
/* End PBXNativeTarget section */

/* Begin PBXProject section */
		4F0768A318944FDD00A84A26 /* Project object */ = {
			isa = PBXProject;
			attributes = {
				LastUpgradeCheck = 0500;
				ORGANIZATIONNAME = jasonliang;
				TargetAttributes = {
					4F0768CE18944FDD00A84A26 = {
						TestTargetID = 4F0768AA18944FDD00A84A26;
					};
				};
			};
			buildConfigurationList = 4F0768A618944FDD00A84A26 /* Build configuration list for PBXProject "blackjack" */;
			compatibilityVersion = "Xcode 3.2";
			developmentRegion = English;
			hasScannedForEncodings = 0;
			knownRegions = (
				en,
				Base,
			);
			mainGroup = 4F0768A218944FDD00A84A26;
			productRefGroup = 4F0768AC18944FDD00A84A26 /* Products */;
			projectDirPath = "";
			projectRoot = "";
			targets = (
				4F0768AA18944FDD00A84A26 /* blackjack */,
				4F0768CE18944FDD00A84A26 /* blackjackTests */,
			);
		};
/* End PBXProject section */

/* Begin PBXResourcesBuildPhase section */
		4F0768A918944FDD00A84A26 /* Resources */ = {
			isa = PBXResourcesBuildPhase;
			buildActionMask = 2147483647;
			files = (
				4F0768CA18944FDD00A84A26 /* Images.xcassets in Resources */,
				4F0768B918944FDD00A84A26 /* InfoPlist.strings in Resources */,
				4F36863418946D0000B02264 /* CardCollectionViewCell.xib in Resources */,
				4F36862318945CB800B02264 /* AboutStoryboard.storyboard in Resources */,
				4F36862118945CAE00B02264 /* SettingsStoryboard.storyboard in Resources */,
				4F0768C218944FDD00A84A26 /* Main.storyboard in Resources */,
			);
			runOnlyForDeploymentPostprocessing = 0;
		};
		4F0768CD18944FDD00A84A26 /* Resources */ = {
			isa = PBXResourcesBuildPhase;
			buildActionMask = 2147483647;
			files = (
				4F0768DB18944FDD00A84A26 /* InfoPlist.strings in Resources */,
			);
			runOnlyForDeploymentPostprocessing = 0;
		};
/* End PBXResourcesBuildPhase section */

/* Begin PBXSourcesBuildPhase section */
		4F0768A718944FDD00A84A26 /* Sources */ = {
			isa = PBXSourcesBuildPhase;
			buildActionMask = 2147483647;
			files = (
				4F36862E189461DC00B02264 /* Deck.m in Sources */,
				4F3686121894531600B02264 /* BlackJackTableViewController.m in Sources */,
				4F36861B1894547200B02264 /* BaseViewController.m in Sources */,
				4F3686181894532900B02264 /* AboutViewController.m in Sources */,
				4F3686281894605400B02264 /* Card.m in Sources */,
				4F0768BF18944FDD00A84A26 /* AppDelegate.m in Sources */,
				4F0768BB18944FDD00A84A26 /* main.m in Sources */,
				4F36862B1894619300B02264 /* Hand.m in Sources */,
				4F3686151894532100B02264 /* SettingsViewController.m in Sources */,
				4F36863218946CAD00B02264 /* CardCollectionViewCell.m in Sources */,
				4F36861E1894558800B02264 /* CardCollectionViewController.m in Sources */,
			);
			runOnlyForDeploymentPostprocessing = 0;
		};
		4F0768CB18944FDD00A84A26 /* Sources */ = {
			isa = PBXSourcesBuildPhase;
			buildActionMask = 2147483647;
			files = (
				4F0768DD18944FDD00A84A26 /* blackjackTests.m in Sources */,
			);
			runOnlyForDeploymentPostprocessing = 0;
		};
/* End PBXSourcesBuildPhase section */

/* Begin PBXTargetDependency section */
		4F0768D518944FDD00A84A26 /* PBXTargetDependency */ = {
			isa = PBXTargetDependency;
			target = 4F0768AA18944FDD00A84A26 /* blackjack */;
			targetProxy = 4F0768D418944FDD00A84A26 /* PBXContainerItemProxy */;
		};
/* End PBXTargetDependency section */

/* Begin PBXVariantGroup section */
		4F0768B718944FDD00A84A26 /* InfoPlist.strings */ = {
			isa = PBXVariantGroup;
			children = (
				4F0768B818944FDD00A84A26 /* en */,
			);
			name = InfoPlist.strings;
			sourceTree = "<group>";
		};
		4F0768C018944FDD00A84A26 /* Main.storyboard */ = {
			isa = PBXVariantGroup;
			children = (
				4F0768C118944FDD00A84A26 /* Base */,
			);
			name = Main.storyboard;
			sourceTree = "<group>";
		};
		4F0768D918944FDD00A84A26 /* InfoPlist.strings */ = {
			isa = PBXVariantGroup;
			children = (
				4F0768DA18944FDD00A84A26 /* en */,
			);
			name = InfoPlist.strings;
			sourceTree = "<group>";
		};
/* End PBXVariantGroup section */

/* Begin XCBuildConfiguration section */
		4F0768DE18944FDD00A84A26 /* Debug */ = {
			isa = XCBuildConfiguration;
			buildSettings = {
				ALWAYS_SEARCH_USER_PATHS = NO;
				ARCHS = "$(ARCHS_STANDARD_INCLUDING_64_BIT)";
				CLANG_CXX_LANGUAGE_STANDARD = "gnu++0x";
				CLANG_CXX_LIBRARY = "libc++";
				CLANG_ENABLE_MODULES = YES;
				CLANG_ENABLE_OBJC_ARC = YES;
				CLANG_WARN_BOOL_CONVERSION = YES;
				CLANG_WARN_CONSTANT_CONVERSION = YES;
				CLANG_WARN_DIRECT_OBJC_ISA_USAGE = YES_ERROR;
				CLANG_WARN_EMPTY_BODY = YES;
				CLANG_WARN_ENUM_CONVERSION = YES;
				CLANG_WARN_INT_CONVERSION = YES;
				CLANG_WARN_OBJC_ROOT_CLASS = YES_ERROR;
				CLANG_WARN__DUPLICATE_METHOD_MATCH = YES;
				"CODE_SIGN_IDENTITY[sdk=iphoneos*]" = "iPhone Developer";
				COPY_PHASE_STRIP = NO;
				GCC_C_LANGUAGE_STANDARD = gnu99;
				GCC_DYNAMIC_NO_PIC = NO;
				GCC_OPTIMIZATION_LEVEL = 0;
				GCC_PREPROCESSOR_DEFINITIONS = (
					"DEBUG=1",
					"$(inherited)",
				);
				GCC_SYMBOLS_PRIVATE_EXTERN = NO;
				GCC_WARN_64_TO_32_BIT_CONVERSION = YES;
				GCC_WARN_ABOUT_RETURN_TYPE = YES_ERROR;
				GCC_WARN_UNDECLARED_SELECTOR = YES;
				GCC_WARN_UNINITIALIZED_AUTOS = YES;
				GCC_WARN_UNUSED_FUNCTION = YES;
				GCC_WARN_UNUSED_VARIABLE = YES;
				IPHONEOS_DEPLOYMENT_TARGET = 7.0;
				ONLY_ACTIVE_ARCH = YES;
				SDKROOT = iphoneos;
			};
			name = Debug;
		};
		4F0768DF18944FDD00A84A26 /* Release */ = {
			isa = XCBuildConfiguration;
			buildSettings = {
				ALWAYS_SEARCH_USER_PATHS = NO;
				ARCHS = "$(ARCHS_STANDARD_INCLUDING_64_BIT)";
				CLANG_CXX_LANGUAGE_STANDARD = "gnu++0x";
				CLANG_CXX_LIBRARY = "libc++";
				CLANG_ENABLE_MODULES = YES;
				CLANG_ENABLE_OBJC_ARC = YES;
				CLANG_WARN_BOOL_CONVERSION = YES;
				CLANG_WARN_CONSTANT_CONVERSION = YES;
				CLANG_WARN_DIRECT_OBJC_ISA_USAGE = YES_ERROR;
				CLANG_WARN_EMPTY_BODY = YES;
				CLANG_WARN_ENUM_CONVERSION = YES;
				CLANG_WARN_INT_CONVERSION = YES;
				CLANG_WARN_OBJC_ROOT_CLASS = YES_ERROR;
				CLANG_WARN__DUPLICATE_METHOD_MATCH = YES;
				"CODE_SIGN_IDENTITY[sdk=iphoneos*]" = "iPhone Developer";
				COPY_PHASE_STRIP = YES;
				ENABLE_NS_ASSERTIONS = NO;
				GCC_C_LANGUAGE_STANDARD = gnu99;
				GCC_WARN_64_TO_32_BIT_CONVERSION = YES;
				GCC_WARN_ABOUT_RETURN_TYPE = YES_ERROR;
				GCC_WARN_UNDECLARED_SELECTOR = YES;
				GCC_WARN_UNINITIALIZED_AUTOS = YES;
				GCC_WARN_UNUSED_FUNCTION = YES;
				GCC_WARN_UNUSED_VARIABLE = YES;
				IPHONEOS_DEPLOYMENT_TARGET = 7.0;
				SDKROOT = iphoneos;
				VALIDATE_PRODUCT = YES;
			};
			name = Release;
		};
		4F0768E118944FDD00A84A26 /* Debug */ = {
			isa = XCBuildConfiguration;
			buildSettings = {
				ASSETCATALOG_COMPILER_APPICON_NAME = AppIcon;
				ASSETCATALOG_COMPILER_LAUNCHIMAGE_NAME = LaunchImage;
				GCC_PRECOMPILE_PREFIX_HEADER = YES;
				GCC_PREFIX_HEADER = "blackjack/blackjack-Prefix.pch";
				INFOPLIST_FILE = "blackjack/blackjack-Info.plist";
				PRODUCT_NAME = "$(TARGET_NAME)";
				WRAPPER_EXTENSION = app;
			};
			name = Debug;
		};
		4F0768E218944FDD00A84A26 /* Release */ = {
			isa = XCBuildConfiguration;
			buildSettings = {
				ASSETCATALOG_COMPILER_APPICON_NAME = AppIcon;
				ASSETCATALOG_COMPILER_LAUNCHIMAGE_NAME = LaunchImage;
				GCC_PRECOMPILE_PREFIX_HEADER = YES;
				GCC_PREFIX_HEADER = "blackjack/blackjack-Prefix.pch";
				INFOPLIST_FILE = "blackjack/blackjack-Info.plist";
				PRODUCT_NAME = "$(TARGET_NAME)";
				WRAPPER_EXTENSION = app;
			};
			name = Release;
		};
		4F0768E418944FDD00A84A26 /* Debug */ = {
			isa = XCBuildConfiguration;
			buildSettings = {
				ARCHS = "$(ARCHS_STANDARD_INCLUDING_64_BIT)";
				BUNDLE_LOADER = "$(BUILT_PRODUCTS_DIR)/blackjack.app/blackjack";
				FRAMEWORK_SEARCH_PATHS = (
					"$(SDKROOT)/Developer/Library/Frameworks",
					"$(inherited)",
					"$(DEVELOPER_FRAMEWORKS_DIR)",
				);
				GCC_PRECOMPILE_PREFIX_HEADER = YES;
				GCC_PREFIX_HEADER = "blackjack/blackjack-Prefix.pch";
				GCC_PREPROCESSOR_DEFINITIONS = (
					"DEBUG=1",
					"$(inherited)",
				);
				INFOPLIST_FILE = "blackjackTests/blackjackTests-Info.plist";
				PRODUCT_NAME = "$(TARGET_NAME)";
				TEST_HOST = "$(BUNDLE_LOADER)";
				WRAPPER_EXTENSION = xctest;
			};
			name = Debug;
		};
		4F0768E518944FDD00A84A26 /* Release */ = {
			isa = XCBuildConfiguration;
			buildSettings = {
				ARCHS = "$(ARCHS_STANDARD_INCLUDING_64_BIT)";
				BUNDLE_LOADER = "$(BUILT_PRODUCTS_DIR)/blackjack.app/blackjack";
				FRAMEWORK_SEARCH_PATHS = (
					"$(SDKROOT)/Developer/Library/Frameworks",
					"$(inherited)",
					"$(DEVELOPER_FRAMEWORKS_DIR)",
				);
				GCC_PRECOMPILE_PREFIX_HEADER = YES;
				GCC_PREFIX_HEADER = "blackjack/blackjack-Prefix.pch";
				INFOPLIST_FILE = "blackjackTests/blackjackTests-Info.plist";
				PRODUCT_NAME = "$(TARGET_NAME)";
				TEST_HOST = "$(BUNDLE_LOADER)";
				WRAPPER_EXTENSION = xctest;
			};
			name = Release;
		};
/* End XCBuildConfiguration section */

/* Begin XCConfigurationList section */
		4F0768A618944FDD00A84A26 /* Build configuration list for PBXProject "blackjack" */ = {
			isa = XCConfigurationList;
			buildConfigurations = (
				4F0768DE18944FDD00A84A26 /* Debug */,
				4F0768DF18944FDD00A84A26 /* Release */,
			);
			defaultConfigurationIsVisible = 0;
			defaultConfigurationName = Release;
		};
		4F0768E018944FDD00A84A26 /* Build configuration list for PBXNativeTarget "blackjack" */ = {
			isa = XCConfigurationList;
			buildConfigurations = (
				4F0768E118944FDD00A84A26 /* Debug */,
				4F0768E218944FDD00A84A26 /* Release */,
			);
			defaultConfigurationIsVisible = 0;
			defaultConfigurationName = Release;
		};
		4F0768E318944FDD00A84A26 /* Build configuration list for PBXNativeTarget "blackjackTests" */ = {
			isa = XCConfigurationList;
			buildConfigurations = (
				4F0768E418944FDD00A84A26 /* Debug */,
				4F0768E518944FDD00A84A26 /* Release */,
			);
			defaultConfigurationIsVisible = 0;
			defaultConfigurationName = Release;
		};
/* End XCConfigurationList section */
	};
	rootObject = 4F0768A318944FDD00A84A26 /* Project object */;
}
